// !$*UTF8*$!
{
	archiveVersion = 1;
	classes = {
	};
	objectVersion = 50;
	objects = {

/* Begin PBXBuildFile section */
		4556B8582518420300CC96B0 /* AppDelegate.swift in Sources */ = {isa = PBXBuildFile; fileRef = 4556B8572518420300CC96B0 /* AppDelegate.swift */; };
		4556B85A2518420300CC96B0 /* SceneDelegate.swift in Sources */ = {isa = PBXBuildFile; fileRef = 4556B8592518420300CC96B0 /* SceneDelegate.swift */; };
		4556B8612518420400CC96B0 /* Assets.xcassets in Resources */ = {isa = PBXBuildFile; fileRef = 4556B8602518420400CC96B0 /* Assets.xcassets */; };
		4556B8642518420400CC96B0 /* LaunchScreen.storyboard in Resources */ = {isa = PBXBuildFile; fileRef = 4556B8622518420400CC96B0 /* LaunchScreen.storyboard */; };
		4556B86E2518447100CC96B0 /* TopViewController.swift in Sources */ = {isa = PBXBuildFile; fileRef = 4556B86C2518447100CC96B0 /* TopViewController.swift */; };
		4556B86F2518447100CC96B0 /* TopViewController.xib in Resources */ = {isa = PBXBuildFile; fileRef = 4556B86D2518447100CC96B0 /* TopViewController.xib */; };
		4556B87B25188F3100CC96B0 /* TopViewCell.swift in Sources */ = {isa = PBXBuildFile; fileRef = 4556B87925188F3100CC96B0 /* TopViewCell.swift */; };
		4556B87C25188F3100CC96B0 /* TopViewCell.xib in Resources */ = {isa = PBXBuildFile; fileRef = 4556B87A25188F3100CC96B0 /* TopViewCell.xib */; };
/* End PBXBuildFile section */

/* Begin PBXFileReference section */
		4556B8542518420300CC96B0 /* XCodePreview-Sample-UIKit.app */ = {isa = PBXFileReference; explicitFileType = wrapper.application; includeInIndex = 0; path = "XCodePreview-Sample-UIKit.app"; sourceTree = BUILT_PRODUCTS_DIR; };
		4556B8572518420300CC96B0 /* AppDelegate.swift */ = {isa = PBXFileReference; lastKnownFileType = sourcecode.swift; path = AppDelegate.swift; sourceTree = "<group>"; };
		4556B8592518420300CC96B0 /* SceneDelegate.swift */ = {isa = PBXFileReference; lastKnownFileType = sourcecode.swift; path = SceneDelegate.swift; sourceTree = "<group>"; };
		4556B8602518420400CC96B0 /* Assets.xcassets */ = {isa = PBXFileReference; lastKnownFileType = folder.assetcatalog; path = Assets.xcassets; sourceTree = "<group>"; };
		4556B8632518420400CC96B0 /* Base */ = {isa = PBXFileReference; lastKnownFileType = file.storyboard; name = Base; path = Base.lproj/LaunchScreen.storyboard; sourceTree = "<group>"; };
		4556B8652518420400CC96B0 /* Info.plist */ = {isa = PBXFileReference; lastKnownFileType = text.plist.xml; path = Info.plist; sourceTree = "<group>"; };
		4556B86C2518447100CC96B0 /* TopViewController.swift */ = {isa = PBXFileReference; lastKnownFileType = sourcecode.swift; path = TopViewController.swift; sourceTree = "<group>"; };
		4556B86D2518447100CC96B0 /* TopViewController.xib */ = {isa = PBXFileReference; lastKnownFileType = file.xib; path = TopViewController.xib; sourceTree = "<group>"; };
		4556B87925188F3100CC96B0 /* TopViewCell.swift */ = {isa = PBXFileReference; lastKnownFileType = sourcecode.swift; path = TopViewCell.swift; sourceTree = "<group>"; };
		4556B87A25188F3100CC96B0 /* TopViewCell.xib */ = {isa = PBXFileReference; lastKnownFileType = file.xib; path = TopViewCell.xib; sourceTree = "<group>"; };
/* End PBXFileReference section */

/* Begin PBXFrameworksBuildPhase section */
		4556B8512518420300CC96B0 /* Frameworks */ = {
			isa = PBXFrameworksBuildPhase;
			buildActionMask = 2147483647;
			files = (
			);
			runOnlyForDeploymentPostprocessing = 0;
		};
/* End PBXFrameworksBuildPhase section */

/* Begin PBXGroup section */
		4556B84B2518420300CC96B0 = {
			isa = PBXGroup;
			children = (
				4556B8562518420300CC96B0 /* XCodePreview-Sample-UIKit */,
				4556B8552518420300CC96B0 /* Products */,
			);
			sourceTree = "<group>";
		};
		4556B8552518420300CC96B0 /* Products */ = {
			isa = PBXGroup;
			children = (
				4556B8542518420300CC96B0 /* XCodePreview-Sample-UIKit.app */,
			);
			name = Products;
			sourceTree = "<group>";
		};
		4556B8562518420300CC96B0 /* XCodePreview-Sample-UIKit */ = {
			isa = PBXGroup;
			children = (
				4556B8572518420300CC96B0 /* AppDelegate.swift */,
				4556B8592518420300CC96B0 /* SceneDelegate.swift */,
				4556B8602518420400CC96B0 /* Assets.xcassets */,
				4556B8622518420400CC96B0 /* LaunchScreen.storyboard */,
				4556B8652518420400CC96B0 /* Info.plist */,
				4556B86C2518447100CC96B0 /* TopViewController.swift */,
				4556B86D2518447100CC96B0 /* TopViewController.xib */,
				4556B87925188F3100CC96B0 /* TopViewCell.swift */,
				4556B87A25188F3100CC96B0 /* TopViewCell.xib */,
			);
			path = "XCodePreview-Sample-UIKit";
			sourceTree = "<group>";
		};
/* End PBXGroup section */

/* Begin PBXNativeTarget section */
		4556B8532518420300CC96B0 /* XCodePreview-Sample-UIKit */ = {
			isa = PBXNativeTarget;
			buildConfigurationList = 4556B8682518420400CC96B0 /* Build configuration list for PBXNativeTarget "XCodePreview-Sample-UIKit" */;
			buildPhases = (
				4556B8502518420300CC96B0 /* Sources */,
				4556B8512518420300CC96B0 /* Frameworks */,
				4556B8522518420300CC96B0 /* Resources */,
			);
			buildRules = (
			);
			dependencies = (
			);
			name = "XCodePreview-Sample-UIKit";
			productName = "XCodePreview-Sample-UIKit";
			productReference = 4556B8542518420300CC96B0 /* XCodePreview-Sample-UIKit.app */;
			productType = "com.apple.product-type.application";
		};
/* End PBXNativeTarget section */

/* Begin PBXProject section */
		4556B84C2518420300CC96B0 /* Project object */ = {
			isa = PBXProject;
			attributes = {
				LastSwiftUpdateCheck = 1200;
				LastUpgradeCheck = 1200;
				TargetAttributes = {
					4556B8532518420300CC96B0 = {
						CreatedOnToolsVersion = 12.0;
					};
				};
			};
			buildConfigurationList = 4556B84F2518420300CC96B0 /* Build configuration list for PBXProject "XCodePreview-Sample-UIKit" */;
			compatibilityVersion = "Xcode 9.3";
			developmentRegion = en;
			hasScannedForEncodings = 0;
			knownRegions = (
				en,
				Base,
			);
			mainGroup = 4556B84B2518420300CC96B0;
			productRefGroup = 4556B8552518420300CC96B0 /* Products */;
			projectDirPath = "";
			projectRoot = "";
			targets = (
				4556B8532518420300CC96B0 /* XCodePreview-Sample-UIKit */,
			);
		};
/* End PBXProject section */

/* Begin PBXResourcesBuildPhase section */
		4556B8522518420300CC96B0 /* Resources */ = {
			isa = PBXResourcesBuildPhase;
			buildActionMask = 2147483647;
			files = (
				4556B86F2518447100CC96B0 /* TopViewController.xib in Resources */,
				4556B8642518420400CC96B0 /* LaunchScreen.storyboard in Resources */,
				4556B87C25188F3100CC96B0 /* TopViewCell.xib in Resources */,
				4556B8612518420400CC96B0 /* Assets.xcassets in Resources */,
			);
			runOnlyForDeploymentPostprocessing = 0;
		};
/* End PBXResourcesBuildPhase section */

/* Begin PBXSourcesBuildPhase section */
		4556B8502518420300CC96B0 /* Sources */ = {
			isa = PBXSourcesBuildPhase;
			buildActionMask = 2147483647;
			files = (
				4556B86E2518447100CC96B0 /* TopViewController.swift in Sources */,
				4556B8582518420300CC96B0 /* AppDelegate.swift in Sources */,
				4556B87B25188F3100CC96B0 /* TopViewCell.swift in Sources */,
				4556B85A2518420300CC96B0 /* SceneDelegate.swift in Sources */,
			);
			runOnlyForDeploymentPostprocessing = 0;
		};
/* End PBXSourcesBuildPhase section */

/* Begin PBXVariantGroup section */
		4556B8622518420400CC96B0 /* LaunchScreen.storyboard */ = {
			isa = PBXVariantGroup;
			children = (
				4556B8632518420400CC96B0 /* Base */,
			);
			name = LaunchScreen.storyboard;
			sourceTree = "<group>";
		};
/* End PBXVariantGroup section */

/* Begin XCBuildConfiguration section */
		4556B8662518420400CC96B0 /* Debug */ = {
			isa = XCBuildConfiguration;
			buildSettings = {
				ALWAYS_SEARCH_USER_PATHS = NO;
				CLANG_ANALYZER_NONNULL = YES;
				CLANG_ANALYZER_NUMBER_OBJECT_CONVERSION = YES_AGGRESSIVE;
				CLANG_CXX_LANGUAGE_STANDARD = "gnu++14";
				CLANG_CXX_LIBRARY = "libc++";
				CLANG_ENABLE_MODULES = YES;
				CLANG_ENABLE_OBJC_ARC = YES;
				CLANG_ENABLE_OBJC_WEAK = YES;
				CLANG_WARN_BLOCK_CAPTURE_AUTORELEASING = YES;
				CLANG_WARN_BOOL_CONVERSION = YES;
				CLANG_WARN_COMMA = YES;
				CLANG_WARN_CONSTANT_CONVERSION = YES;
				CLANG_WARN_DEPRECATED_OBJC_IMPLEMENTATIONS = YES;
				CLANG_WARN_DIRECT_OBJC_ISA_USAGE = YES_ERROR;
				CLANG_WARN_DOCUMENTATION_COMMENTS = YES;
				CLANG_WARN_EMPTY_BODY = YES;
				CLANG_WARN_ENUM_CONVERSION = YES;
				CLANG_WARN_INFINITE_RECURSION = YES;
				CLANG_WARN_INT_CONVERSION = YES;
				CLANG_WARN_NON_LITERAL_NULL_CONVERSION = YES;
				CLANG_WARN_OBJC_IMPLICIT_RETAIN_SELF = YES;
				CLANG_WARN_OBJC_LITERAL_CONVERSION = YES;
				CLANG_WARN_OBJC_ROOT_CLASS = YES_ERROR;
				CLANG_WARN_QUOTED_INCLUDE_IN_FRAMEWORK_HEADER = YES;
				CLANG_WARN_RANGE_LOOP_ANALYSIS = YES;
				CLANG_WARN_STRICT_PROTOTYPES = YES;
				CLANG_WARN_SUSPICIOUS_MOVE = YES;
				CLANG_WARN_UNGUARDED_AVAILABILITY = YES_AGGRESSIVE;
				CLANG_WARN_UNREACHABLE_CODE = YES;
				CLANG_WARN__DUPLICATE_METHOD_MATCH = YES;
				COPY_PHASE_STRIP = NO;
				DEBUG_INFORMATION_FORMAT = dwarf;
				ENABLE_STRICT_OBJC_MSGSEND = YES;
				ENABLE_TESTABILITY = YES;
				GCC_C_LANGUAGE_STANDARD = gnu11;
				GCC_DYNAMIC_NO_PIC = NO;
				GCC_NO_COMMON_BLOCKS = YES;
				GCC_OPTIMIZATION_LEVEL = 0;
				GCC_PREPROCESSOR_DEFINITIONS = (
					"DEBUG=1",
					"$(inherited)",
				);
				GCC_WARN_64_TO_32_BIT_CONVERSION = YES;
				GCC_WARN_ABOUT_RETURN_TYPE = YES_ERROR;
				GCC_WARN_UNDECLARED_SELECTOR = YES;
				GCC_WARN_UNINITIALIZED_AUTOS = YES_AGGRESSIVE;
				GCC_WARN_UNUSED_FUNCTION = YES;
				GCC_WARN_UNUSED_VARIABLE = YES;
				IPHONEOS_DEPLOYMENT_TARGET = 14.0;
				MTL_ENABLE_DEBUG_INFO = INCLUDE_SOURCE;
				MTL_FAST_MATH = YES;
				ONLY_ACTIVE_ARCH = YES;
				SDKROOT = iphoneos;
				SWIFT_ACTIVE_COMPILATION_CONDITIONS = DEBUG;
				SWIFT_OPTIMIZATION_LEVEL = "-Onone";
			};
			name = Debug;
		};
		4556B8672518420400CC96B0 /* Release */ = {
			isa = XCBuildConfiguration;
			buildSettings = {
				ALWAYS_SEARCH_USER_PATHS = NO;
				CLANG_ANALYZER_NONNULL = YES;
				CLANG_ANALYZER_NUMBER_OBJECT_CONVERSION = YES_AGGRESSIVE;
				CLANG_CXX_LANGUAGE_STANDARD = "gnu++14";
				CLANG_CXX_LIBRARY = "libc++";
				CLANG_ENABLE_MODULES = YES;
				CLANG_ENABLE_OBJC_ARC = YES;
				CLANG_ENABLE_OBJC_WEAK = YES;
				CLANG_WARN_BLOCK_CAPTURE_AUTORELEASING = YES;
				CLANG_WARN_BOOL_CONVERSION = YES;
				CLANG_WARN_COMMA = YES;
				CLANG_WARN_CONSTANT_CONVERSION = YES;
				CLANG_WARN_DEPRECATED_OBJC_IMPLEMENTATIONS = YES;
				CLANG_WARN_DIRECT_OBJC_ISA_USAGE = YES_ERROR;
				CLANG_WARN_DOCUMENTATION_COMMENTS = YES;
				CLANG_WARN_EMPTY_BODY = YES;
				CLANG_WARN_ENUM_CONVERSION = YES;
				CLANG_WARN_INFINITE_RECURSION = YES;
				CLANG_WARN_INT_CONVERSION = YES;
				CLANG_WARN_NON_LITERAL_NULL_CONVERSION = YES;
				CLANG_WARN_OBJC_IMPLICIT_RETAIN_SELF = YES;
				CLANG_WARN_OBJC_LITERAL_CONVERSION = YES;
				CLANG_WARN_OBJC_ROOT_CLASS = YES_ERROR;
				CLANG_WARN_QUOTED_INCLUDE_IN_FRAMEWORK_HEADER = YES;
				CLANG_WARN_RANGE_LOOP_ANALYSIS = YES;
				CLANG_WARN_STRICT_PROTOTYPES = YES;
				CLANG_WARN_SUSPICIOUS_MOVE = YES;
				CLANG_WARN_UNGUARDED_AVAILABILITY = YES_AGGRESSIVE;
				CLANG_WARN_UNREACHABLE_CODE = YES;
				CLANG_WARN__DUPLICATE_METHOD_MATCH = YES;
				COPY_PHASE_STRIP = NO;
				DEBUG_INFORMATION_FORMAT = "dwarf-with-dsym";
				ENABLE_NS_ASSERTIONS = NO;
				ENABLE_STRICT_OBJC_MSGSEND = YES;
				GCC_C_LANGUAGE_STANDARD = gnu11;
				GCC_NO_COMMON_BLOCKS = YES;
				GCC_WARN_64_TO_32_BIT_CONVERSION = YES;
				GCC_WARN_ABOUT_RETURN_TYPE = YES_ERROR;
				GCC_WARN_UNDECLARED_SELECTOR = YES;
				GCC_WARN_UNINITIALIZED_AUTOS = YES_AGGRESSIVE;
				GCC_WARN_UNUSED_FUNCTION = YES;
				GCC_WARN_UNUSED_VARIABLE = YES;
				IPHONEOS_DEPLOYMENT_TARGET = 14.0;
				MTL_ENABLE_DEBUG_INFO = NO;
				MTL_FAST_MATH = YES;
				SDKROOT = iphoneos;
				SWIFT_COMPILATION_MODE = wholemodule;
				SWIFT_OPTIMIZATION_LEVEL = "-O";
				VALIDATE_PRODUCT = YES;
			};
			name = Release;
		};
		4556B8692518420400CC96B0 /* Debug */ = {
			isa = XCBuildConfiguration;
			buildSettings = {
				ASSETCATALOG_COMPILER_APPICON_NAME = AppIcon;
				ASSETCATALOG_COMPILER_GLOBAL_ACCENT_COLOR_NAME = AccentColor;
				CODE_SIGN_STYLE = Automatic;
				DEVELOPMENT_TEAM = LVR5UQEHBD;
				INFOPLIST_FILE = "XCodePreview-Sample-UIKit/Info.plist";
				LD_RUNPATH_SEARCH_PATHS = (
					"$(inherited)",
					"@executable_path/Frameworks",
				);
				PRODUCT_BUNDLE_IDENTIFIER = "com.kawahara.XCodePreview-Sample-UIKit";
				PRODUCT_NAME = "$(TARGET_NAME)";
				SWIFT_VERSION = 5.0;
				TARGETED_DEVICE_FAMILY = "1,2";
			};
			name = Debug;
		};
		4556B86A2518420400CC96B0 /* Release */ = {
			isa = XCBuildConfiguration;
			buildSettings = {
				ASSETCATALOG_COMPILER_APPICON_NAME = AppIcon;
				ASSETCATALOG_COMPILER_GLOBAL_ACCENT_COLOR_NAME = AccentColor;
				CODE_SIGN_STYLE = Automatic;
				DEVELOPMENT_TEAM = LVR5UQEHBD;
				INFOPLIST_FILE = "XCodePreview-Sample-UIKit/Info.plist";
				LD_RUNPATH_SEARCH_PATHS = (
					"$(inherited)",
					"@executable_path/Frameworks",
				);
				PRODUCT_BUNDLE_IDENTIFIER = "com.kawahara.XCodePreview-Sample-UIKit";
				PRODUCT_NAME = "$(TARGET_NAME)";
				SWIFT_VERSION = 5.0;
				TARGETED_DEVICE_FAMILY = "1,2";
			};
			name = Release;
		};
/* End XCBuildConfiguration section */

/* Begin XCConfigurationList section */
		4556B84F2518420300CC96B0 /* Build configuration list for PBXProject "XCodePreview-Sample-UIKit" */ = {
			isa = XCConfigurationList;
			buildConfigurations = (
				4556B8662518420400CC96B0 /* Debug */,
				4556B8672518420400CC96B0 /* Release */,
			);
			defaultConfigurationIsVisible = 0;
			defaultConfigurationName = Release;
		};
		4556B8682518420400CC96B0 /* Build configuration list for PBXNativeTarget "XCodePreview-Sample-UIKit" */ = {
			isa = XCConfigurationList;
			buildConfigurations = (
				4556B8692518420400CC96B0 /* Debug */,
				4556B86A2518420400CC96B0 /* Release */,
			);
			defaultConfigurationIsVisible = 0;
			defaultConfigurationName = Release;
		};
/* End XCConfigurationList section */
	};
	rootObject = 4556B84C2518420300CC96B0 /* Project object */;
}
